
Microsoft Visual Studio Solution File, Format Version 12.00
# Visual Studio Version 17
VisualStudioVersion = 17.6.33829.357
MinimumVisualStudioVersion = 10.0.40219.1
Project("{FAE04EC0-301F-11D3-BF4B-00C04F79EFBC}") = "Itla TV+", "Itla TV+\Itla TV+.csproj", "{1A4594F0-4EF9-4364-A303-AAA591468705}"
EndProject
Project("{FAE04EC0-301F-11D3-BF4B-00C04F79EFBC}") = "Database", "Database\Database.csproj", "{252849D3-1520-4618-BA66-D6CB84796A2E}"
EndProject
Project("{FAE04EC0-301F-11D3-BF4B-00C04F79EFBC}") = "Application", "Application\Application.csproj", "{1A5BCB0A-9ABE-4FD7-8F98-6CB0EE1618D8}"
EndProject
Global
	GlobalSection(SolutionConfigurationPlatforms) = preSolution
		Debug|Any CPU = Debug|Any CPU
		Release|Any CPU = Release|Any CPU
	EndGlobalSection
	GlobalSection(ProjectConfigurationPlatforms) = postSolution
		{1A4594F0-4EF9-4364-A303-AAA591468705}.Debug|Any CPU.ActiveCfg = Debug|Any CPU
		{1A4594F0-4EF9-4364-A303-AAA591468705}.Debug|Any CPU.Build.0 = Debug|Any CPU
		{1A4594F0-4EF9-4364-A303-AAA591468705}.Release|Any CPU.ActiveCfg = Release|Any CPU
		{1A4594F0-4EF9-4364-A303-AAA591468705}.Release|Any CPU.Build.0 = Release|Any CPU
		{252849D3-1520-4618-BA66-D6CB84796A2E}.Debug|Any CPU.ActiveCfg = Debug|Any CPU
		{252849D3-1520-4618-BA66-D6CB84796A2E}.Debug|Any CPU.Build.0 = Debug|Any CPU
		{252849D3-1520-4618-BA66-D6CB84796A2E}.Release|Any CPU.ActiveCfg = Release|Any CPU
		{252849D3-1520-4618-BA66-D6CB84796A2E}.Release|Any CPU.Build.0 = Release|Any CPU
		{1A5BCB0A-9ABE-4FD7-8F98-6CB0EE1618D8}.Debug|Any CPU.ActiveCfg = Debug|Any CPU
		{1A5BCB0A-9ABE-4FD7-8F98-6CB0EE1618D8}.Debug|Any CPU.Build.0 = Debug|Any CPU
		{1A5BCB0A-9ABE-4FD7-8F98-6CB0EE1618D8}.Release|Any CPU.ActiveCfg = Release|Any CPU
		{1A5BCB0A-9ABE-4FD7-8F98-6CB0EE1618D8}.Release|Any CPU.Build.0 = Release|Any CPU
	EndGlobalSection
	GlobalSection(SolutionProperties) = preSolution
		HideSolutionNode = FALSE
	EndGlobalSection
	GlobalSection(ExtensibilityGlobals) = postSolution
		SolutionGuid = {048243EC-DCE4-4DD9-B0CA-50F14D3808EA}
	EndGlobalSection
EndGlobal
